
Microsoft Visual Studio Solution File, Format Version 12.00
# Visual Studio Version 17
VisualStudioVersion = 17.10.35122.118
MinimumVisualStudioVersion = 10.0.40219.1
Project("{9A19103F-16F7-4668-BE54-9A1E7A4F7556}") = "WebApp.Kafka.Producer.API", "WebApp.Kafka.API\WebApp.Kafka.Producer.API.csproj", "{854BCB23-64AD-4C3A-A55E-B7A46401A51A}"
EndProject
Project("{9A19103F-16F7-4668-BE54-9A1E7A4F7556}") = "WebApp.Kafka.Producer.Core", "WebApp.Kafka.Core\WebApp.Kafka.Producer.Core.csproj", "{90D7693A-CE62-45E7-89C8-8D02DA0BF5A9}"
EndProject
Project("{9A19103F-16F7-4668-BE54-9A1E7A4F7556}") = "WebApp.Kafka.Producer.Infrastructure", "WebApp.Kafka.Infrastructure\WebApp.Kafka.Producer.Infrastructure.csproj", "{285FE9A9-81E1-47F9-8209-106681421A70}"
EndProject
Project("{9A19103F-16F7-4668-BE54-9A1E7A4F7556}") = "WebApp.Kafka.Producer.Application", "WebApp.Kafka.Application\WebApp.Kafka.Producer.Application.csproj", "{13570B79-BCC3-4880-AE62-7B3827B7008E}"
EndProject
Global
	GlobalSection(SolutionConfigurationPlatforms) = preSolution
		Debug|Any CPU = Debug|Any CPU
		Release|Any CPU = Release|Any CPU
	EndGlobalSection
	GlobalSection(ProjectConfigurationPlatforms) = postSolution
		{854BCB23-64AD-4C3A-A55E-B7A46401A51A}.Debug|Any CPU.ActiveCfg = Debug|Any CPU
		{854BCB23-64AD-4C3A-A55E-B7A46401A51A}.Debug|Any CPU.Build.0 = Debug|Any CPU
		{854BCB23-64AD-4C3A-A55E-B7A46401A51A}.Release|Any CPU.ActiveCfg = Release|Any CPU
		{854BCB23-64AD-4C3A-A55E-B7A46401A51A}.Release|Any CPU.Build.0 = Release|Any CPU
		{90D7693A-CE62-45E7-89C8-8D02DA0BF5A9}.Debug|Any CPU.ActiveCfg = Debug|Any CPU
		{90D7693A-CE62-45E7-89C8-8D02DA0BF5A9}.Debug|Any CPU.Build.0 = Debug|Any CPU
		{90D7693A-CE62-45E7-89C8-8D02DA0BF5A9}.Release|Any CPU.ActiveCfg = Release|Any CPU
		{90D7693A-CE62-45E7-89C8-8D02DA0BF5A9}.Release|Any CPU.Build.0 = Release|Any CPU
		{285FE9A9-81E1-47F9-8209-106681421A70}.Debug|Any CPU.ActiveCfg = Debug|Any CPU
		{285FE9A9-81E1-47F9-8209-106681421A70}.Debug|Any CPU.Build.0 = Debug|Any CPU
		{285FE9A9-81E1-47F9-8209-106681421A70}.Release|Any CPU.ActiveCfg = Release|Any CPU
		{285FE9A9-81E1-47F9-8209-106681421A70}.Release|Any CPU.Build.0 = Release|Any CPU
		{13570B79-BCC3-4880-AE62-7B3827B7008E}.Debug|Any CPU.ActiveCfg = Debug|Any CPU
		{13570B79-BCC3-4880-AE62-7B3827B7008E}.Debug|Any CPU.Build.0 = Debug|Any CPU
		{13570B79-BCC3-4880-AE62-7B3827B7008E}.Release|Any CPU.ActiveCfg = Release|Any CPU
		{13570B79-BCC3-4880-AE62-7B3827B7008E}.Release|Any CPU.Build.0 = Release|Any CPU
	EndGlobalSection
	GlobalSection(SolutionProperties) = preSolution
		HideSolutionNode = FALSE
	EndGlobalSection
	GlobalSection(ExtensibilityGlobals) = postSolution
		SolutionGuid = {86886F79-5C15-465F-8909-5D31A47B5374}
	EndGlobalSection
EndGlobal
